
Microsoft Visual Studio Solution File, Format Version 12.00
# Visual Studio Version 16
VisualStudioVersion = 16.0.29009.5
MinimumVisualStudioVersion = 10.0.40219.1
Project("{FAE04EC0-301F-11D3-BF4B-00C04F79EFBC}") = "RestWithASPNETUdemy", "RestWithASPNETUdemy\RestWithASPNETUdemy.csproj", "{136E9BA6-4651-4C9F-B91B-0F9BDC23FE38}"
EndProject
Global
	GlobalSection(SolutionConfigurationPlatforms) = preSolution
		Debug|Any CPU = Debug|Any CPU
		Release|Any CPU = Release|Any CPU
	EndGlobalSection
	GlobalSection(ProjectConfigurationPlatforms) = postSolution
		{136E9BA6-4651-4C9F-B91B-0F9BDC23FE38}.Debug|Any CPU.ActiveCfg = Debug|Any CPU
		{136E9BA6-4651-4C9F-B91B-0F9BDC23FE38}.Debug|Any CPU.Build.0 = Debug|Any CPU
		{136E9BA6-4651-4C9F-B91B-0F9BDC23FE38}.Release|Any CPU.ActiveCfg = Release|Any CPU
		{136E9BA6-4651-4C9F-B91B-0F9BDC23FE38}.Release|Any CPU.Build.0 = Release|Any CPU
	EndGlobalSection
	GlobalSection(SolutionProperties) = preSolution
		HideSolutionNode = FALSE
	EndGlobalSection
	GlobalSection(ExtensibilityGlobals) = postSolution
		SolutionGuid = {CF03E788-8A19-4CD4-B1F8-22998AB8FBE4}
	EndGlobalSection
EndGlobal
